// !$*UTF8*$!
{
	archiveVersion = 1;
	classes = {
	};
	objectVersion = 50;
	objects = {

/* Begin PBXBuildFile section */
		0DBA7FCC21E75D3400954769 /* DayModel.swift in Sources */ = {isa = PBXBuildFile; fileRef = 0DBA7FCB21E75D3400954769 /* DayModel.swift */; };
		0DBA7FCE21E75EBF00954769 /* ActivityModel.swift in Sources */ = {isa = PBXBuildFile; fileRef = 0DBA7FCD21E75EBF00954769 /* ActivityModel.swift */; };
		0DBA7FD021E75F8600954769 /* ActivityTypeEnum.swift in Sources */ = {isa = PBXBuildFile; fileRef = 0DBA7FCF21E75F8600954769 /* ActivityTypeEnum.swift */; };
		0DBA7FD321E7616900954769 /* ActivityViewController.storyboard in Resources */ = {isa = PBXBuildFile; fileRef = 0DBA7FD221E7616900954769 /* ActivityViewController.storyboard */; };
		0DBA7FD521E7618C00954769 /* ActivityViewController.swift in Sources */ = {isa = PBXBuildFile; fileRef = 0DBA7FD421E7618C00954769 /* ActivityViewController.swift */; };
		0DC90AD421E0905500592E6E /* TripModel.swift in Sources */ = {isa = PBXBuildFile; fileRef = 0DC90AD321E0905500592E6E /* TripModel.swift */; };
		0DC90AD621E0906100592E6E /* TripFunctions.swift in Sources */ = {isa = PBXBuildFile; fileRef = 0DC90AD521E0906100592E6E /* TripFunctions.swift */; };
		0DC90AD821E0958C00592E6E /* Data.swift in Sources */ = {isa = PBXBuildFile; fileRef = 0DC90AD721E0958C00592E6E /* Data.swift */; };
		0DC90ADE21E0D32C00592E6E /* TripsViewController.storyboard in Resources */ = {isa = PBXBuildFile; fileRef = 0DC90ADD21E0D32C00592E6E /* TripsViewController.storyboard */; };
		0DC90AE021E0D77100592E6E /* TripsViewController.swift in Sources */ = {isa = PBXBuildFile; fileRef = 0DC90ADF21E0D77100592E6E /* TripsViewController.swift */; };
		0DC90AE221E0E37300592E6E /* TripsTableViewCell.swift in Sources */ = {isa = PBXBuildFile; fileRef = 0DC90AE121E0E37300592E6E /* TripsTableViewCell.swift */; };
		0DC90AE521E0E9D800592E6E /* UIViewExtensions.swift in Sources */ = {isa = PBXBuildFile; fileRef = 0DC90AE421E0E9D800592E6E /* UIViewExtensions.swift */; };
		0DC90AE821E0ED2B00592E6E /* Theme.swift in Sources */ = {isa = PBXBuildFile; fileRef = 0DC90AE721E0ED2B00592E6E /* Theme.swift */; };
		0DC90AEA21E1A1B800592E6E /* IndieFlower.ttf in Resources */ = {isa = PBXBuildFile; fileRef = 0DC90AE921E1A1B800592E6E /* IndieFlower.ttf */; };
		0DC90AEC21E1A1CA00592E6E /* PermanentMarker-Regular.ttf in Resources */ = {isa = PBXBuildFile; fileRef = 0DC90AEB21E1A1CA00592E6E /* PermanentMarker-Regular.ttf */; };
		0DCC35BB21DDC000000185E6 /* AppDelegate.swift in Sources */ = {isa = PBXBuildFile; fileRef = 0DCC35BA21DDC000000185E6 /* AppDelegate.swift */; };
		0DCC35C221DDC001000185E6 /* Assets.xcassets in Resources */ = {isa = PBXBuildFile; fileRef = 0DCC35C121DDC001000185E6 /* Assets.xcassets */; };
		0DCC35C521DDC001000185E6 /* LaunchScreen.storyboard in Resources */ = {isa = PBXBuildFile; fileRef = 0DCC35C321DDC001000185E6 /* LaunchScreen.storyboard */; };
		0DF1330321E8A5EA0049FE95 /* HeaderTableViewCell.swift in Sources */ = {isa = PBXBuildFile; fileRef = 0DF1330221E8A5EA0049FE95 /* HeaderTableViewCell.swift */; };
		0DF1330521E8AF680049FE95 /* ActivityTableViewCell.swift in Sources */ = {isa = PBXBuildFile; fileRef = 0DF1330421E8AF680049FE95 /* ActivityTableViewCell.swift */; };
		0DFA4C9E21E1AC780091D325 /* Colors.xcassets in Resources */ = {isa = PBXBuildFile; fileRef = 0DFA4C9D21E1AC780091D325 /* Colors.xcassets */; };
		0DFA4CA021E211550091D325 /* UIButtonExtensions.swift in Sources */ = {isa = PBXBuildFile; fileRef = 0DFA4C9F21E211550091D325 /* UIButtonExtensions.swift */; };
		0DFA4CA321E217C50091D325 /* AddTripViewController.storyboard in Resources */ = {isa = PBXBuildFile; fileRef = 0DFA4CA221E217C50091D325 /* AddTripViewController.storyboard */; };
		0DFA4CA521E217EF0091D325 /* AddTripViewController.swift in Sources */ = {isa = PBXBuildFile; fileRef = 0DFA4CA421E217EF0091D325 /* AddTripViewController.swift */; };
		0DFA4CA821E226FD0091D325 /* PopupUIView.swift in Sources */ = {isa = PBXBuildFile; fileRef = 0DFA4CA721E226FD0091D325 /* PopupUIView.swift */; };
		0DFA4CAA21E229B50091D325 /* AppUIButton.swift in Sources */ = {isa = PBXBuildFile; fileRef = 0DFA4CA921E229B50091D325 /* AppUIButton.swift */; };
/* End PBXBuildFile section */

/* Begin PBXFileReference section */
		0DBA7FCB21E75D3400954769 /* DayModel.swift */ = {isa = PBXFileReference; lastKnownFileType = sourcecode.swift; path = DayModel.swift; sourceTree = "<group>"; };
		0DBA7FCD21E75EBF00954769 /* ActivityModel.swift */ = {isa = PBXFileReference; lastKnownFileType = sourcecode.swift; path = ActivityModel.swift; sourceTree = "<group>"; };
		0DBA7FCF21E75F8600954769 /* ActivityTypeEnum.swift */ = {isa = PBXFileReference; lastKnownFileType = sourcecode.swift; path = ActivityTypeEnum.swift; sourceTree = "<group>"; };
		0DBA7FD221E7616900954769 /* ActivityViewController.storyboard */ = {isa = PBXFileReference; lastKnownFileType = file.storyboard; path = ActivityViewController.storyboard; sourceTree = "<group>"; };
		0DBA7FD421E7618C00954769 /* ActivityViewController.swift */ = {isa = PBXFileReference; lastKnownFileType = sourcecode.swift; path = ActivityViewController.swift; sourceTree = "<group>"; };
		0DC90AD321E0905500592E6E /* TripModel.swift */ = {isa = PBXFileReference; lastKnownFileType = sourcecode.swift; path = TripModel.swift; sourceTree = "<group>"; };
		0DC90AD521E0906100592E6E /* TripFunctions.swift */ = {isa = PBXFileReference; lastKnownFileType = sourcecode.swift; path = TripFunctions.swift; sourceTree = "<group>"; };
		0DC90AD721E0958C00592E6E /* Data.swift */ = {isa = PBXFileReference; lastKnownFileType = sourcecode.swift; path = Data.swift; sourceTree = "<group>"; };
		0DC90ADD21E0D32C00592E6E /* TripsViewController.storyboard */ = {isa = PBXFileReference; lastKnownFileType = file.storyboard; path = TripsViewController.storyboard; sourceTree = "<group>"; };
		0DC90ADF21E0D77100592E6E /* TripsViewController.swift */ = {isa = PBXFileReference; lastKnownFileType = sourcecode.swift; path = TripsViewController.swift; sourceTree = "<group>"; };
		0DC90AE121E0E37300592E6E /* TripsTableViewCell.swift */ = {isa = PBXFileReference; lastKnownFileType = sourcecode.swift; path = TripsTableViewCell.swift; sourceTree = "<group>"; };
		0DC90AE421E0E9D800592E6E /* UIViewExtensions.swift */ = {isa = PBXFileReference; lastKnownFileType = sourcecode.swift; path = UIViewExtensions.swift; sourceTree = "<group>"; };
		0DC90AE721E0ED2B00592E6E /* Theme.swift */ = {isa = PBXFileReference; lastKnownFileType = sourcecode.swift; path = Theme.swift; sourceTree = "<group>"; };
		0DC90AE921E1A1B800592E6E /* IndieFlower.ttf */ = {isa = PBXFileReference; lastKnownFileType = file; path = IndieFlower.ttf; sourceTree = "<group>"; };
		0DC90AEB21E1A1CA00592E6E /* PermanentMarker-Regular.ttf */ = {isa = PBXFileReference; lastKnownFileType = file; path = "PermanentMarker-Regular.ttf"; sourceTree = "<group>"; };
		0DCC35B721DDC000000185E6 /* Memory.app */ = {isa = PBXFileReference; explicitFileType = wrapper.application; includeInIndex = 0; path = Memory.app; sourceTree = BUILT_PRODUCTS_DIR; };
		0DCC35BA21DDC000000185E6 /* AppDelegate.swift */ = {isa = PBXFileReference; lastKnownFileType = sourcecode.swift; path = AppDelegate.swift; sourceTree = "<group>"; };
		0DCC35C121DDC001000185E6 /* Assets.xcassets */ = {isa = PBXFileReference; lastKnownFileType = folder.assetcatalog; path = Assets.xcassets; sourceTree = "<group>"; };
		0DCC35C421DDC001000185E6 /* Base */ = {isa = PBXFileReference; lastKnownFileType = file.storyboard; name = Base; path = Base.lproj/LaunchScreen.storyboard; sourceTree = "<group>"; };
		0DCC35C621DDC001000185E6 /* Info.plist */ = {isa = PBXFileReference; lastKnownFileType = text.plist.xml; path = Info.plist; sourceTree = "<group>"; };
		0DF1330221E8A5EA0049FE95 /* HeaderTableViewCell.swift */ = {isa = PBXFileReference; lastKnownFileType = sourcecode.swift; path = HeaderTableViewCell.swift; sourceTree = "<group>"; };
		0DF1330421E8AF680049FE95 /* ActivityTableViewCell.swift */ = {isa = PBXFileReference; lastKnownFileType = sourcecode.swift; path = ActivityTableViewCell.swift; sourceTree = "<group>"; };
		0DFA4C9D21E1AC780091D325 /* Colors.xcassets */ = {isa = PBXFileReference; lastKnownFileType = folder.assetcatalog; path = Colors.xcassets; sourceTree = "<group>"; };
		0DFA4C9F21E211550091D325 /* UIButtonExtensions.swift */ = {isa = PBXFileReference; lastKnownFileType = sourcecode.swift; path = UIButtonExtensions.swift; sourceTree = "<group>"; };
		0DFA4CA221E217C50091D325 /* AddTripViewController.storyboard */ = {isa = PBXFileReference; fileEncoding = 4; lastKnownFileType = file.storyboard; path = AddTripViewController.storyboard; sourceTree = "<group>"; };
		0DFA4CA421E217EF0091D325 /* AddTripViewController.swift */ = {isa = PBXFileReference; lastKnownFileType = sourcecode.swift; path = AddTripViewController.swift; sourceTree = "<group>"; };
		0DFA4CA721E226FD0091D325 /* PopupUIView.swift */ = {isa = PBXFileReference; lastKnownFileType = sourcecode.swift; path = PopupUIView.swift; sourceTree = "<group>"; };
		0DFA4CA921E229B50091D325 /* AppUIButton.swift */ = {isa = PBXFileReference; lastKnownFileType = sourcecode.swift; path = AppUIButton.swift; sourceTree = "<group>"; };
/* End PBXFileReference section */

/* Begin PBXFrameworksBuildPhase section */
		0DCC35B421DDC000000185E6 /* Frameworks */ = {
			isa = PBXFrameworksBuildPhase;
			buildActionMask = 2147483647;
			files = (
			);
			runOnlyForDeploymentPostprocessing = 0;
		};
/* End PBXFrameworksBuildPhase section */

/* Begin PBXGroup section */
		0DBA7FC921E75CEC00954769 /* Day */ = {
			isa = PBXGroup;
			children = (
				0DBA7FCB21E75D3400954769 /* DayModel.swift */,
			);
			path = Day;
			sourceTree = "<group>";
		};
		0DBA7FCA21E75D0D00954769 /* Activity */ = {
			isa = PBXGroup;
			children = (
				0DBA7FCD21E75EBF00954769 /* ActivityModel.swift */,
				0DBA7FCF21E75F8600954769 /* ActivityTypeEnum.swift */,
			);
			path = Activity;
			sourceTree = "<group>";
		};
		0DBA7FD121E7614500954769 /* ActivityViewController */ = {
			isa = PBXGroup;
			children = (
				0DBA7FD221E7616900954769 /* ActivityViewController.storyboard */,
				0DBA7FD421E7618C00954769 /* ActivityViewController.swift */,
				0DF1330221E8A5EA0049FE95 /* HeaderTableViewCell.swift */,
				0DF1330421E8AF680049FE95 /* ActivityTableViewCell.swift */,
			);
			path = ActivityViewController;
			sourceTree = "<group>";
		};
		0DC90AD121E0903600592E6E /* Model */ = {
			isa = PBXGroup;
			children = (
				0DC90AD721E0958C00592E6E /* Data.swift */,
				0DC90AD221E0904600592E6E /* Trip */,
				0DBA7FC921E75CEC00954769 /* Day */,
				0DBA7FCA21E75D0D00954769 /* Activity */,
			);
			path = Model;
			sourceTree = "<group>";
		};
		0DC90AD221E0904600592E6E /* Trip */ = {
			isa = PBXGroup;
			children = (
				0DC90AD321E0905500592E6E /* TripModel.swift */,
				0DC90AD521E0906100592E6E /* TripFunctions.swift */,
			);
			path = Trip;
			sourceTree = "<group>";
		};
		0DC90AD921E0D2C200592E6E /* Views */ = {
			isa = PBXGroup;
			children = (
				0DC90ADA21E0D2D900592E6E /* TripsViewController */,
				0DFA4CA121E217A40091D325 /* AddTripViewController */,
				0DBA7FD121E7614500954769 /* ActivityViewController */,
			);
			path = Views;
			sourceTree = "<group>";
		};
		0DC90ADA21E0D2D900592E6E /* TripsViewController */ = {
			isa = PBXGroup;
			children = (
				0DC90ADD21E0D32C00592E6E /* TripsViewController.storyboard */,
				0DC90ADF21E0D77100592E6E /* TripsViewController.swift */,
				0DC90AE121E0E37300592E6E /* TripsTableViewCell.swift */,
			);
			path = TripsViewController;
			sourceTree = "<group>";
		};
		0DC90AE321E0E9B000592E6E /* Extensions */ = {
			isa = PBXGroup;
			children = (
				0DC90AE421E0E9D800592E6E /* UIViewExtensions.swift */,
				0DFA4C9F21E211550091D325 /* UIButtonExtensions.swift */,
			);
			path = Extensions;
			sourceTree = "<group>";
		};
		0DC90AE621E0ECFE00592E6E /* Resources */ = {
			isa = PBXGroup;
			children = (
				0DFA4CA621E226C90091D325 /* CustomControls */,
				0DC90AE321E0E9B000592E6E /* Extensions */,
				0DC90AE921E1A1B800592E6E /* IndieFlower.ttf */,
				0DC90AEB21E1A1CA00592E6E /* PermanentMarker-Regular.ttf */,
				0DC90AE721E0ED2B00592E6E /* Theme.swift */,
				0DCC35C121DDC001000185E6 /* Assets.xcassets */,
				0DFA4C9D21E1AC780091D325 /* Colors.xcassets */,
			);
			path = Resources;
			sourceTree = "<group>";
		};
		0DCC35AE21DDC000000185E6 = {
			isa = PBXGroup;
			children = (
				0DCC35B921DDC000000185E6 /* Memory */,
				0DCC35B821DDC000000185E6 /* Products */,
			);
			sourceTree = "<group>";
		};
		0DCC35B821DDC000000185E6 /* Products */ = {
			isa = PBXGroup;
			children = (
				0DCC35B721DDC000000185E6 /* Memory.app */,
			);
			name = Products;
			sourceTree = "<group>";
		};
		0DCC35B921DDC000000185E6 /* Memory */ = {
			isa = PBXGroup;
			children = (
				0DC90AD921E0D2C200592E6E /* Views */,
				0DC90AD121E0903600592E6E /* Model */,
				0DC90AE621E0ECFE00592E6E /* Resources */,
				0DCC35BA21DDC000000185E6 /* AppDelegate.swift */,
				0DCC35C321DDC001000185E6 /* LaunchScreen.storyboard */,
				0DCC35C621DDC001000185E6 /* Info.plist */,
			);
			path = Memory;
			sourceTree = "<group>";
		};
		0DFA4CA121E217A40091D325 /* AddTripViewController */ = {
			isa = PBXGroup;
			children = (
				0DFA4CA221E217C50091D325 /* AddTripViewController.storyboard */,
				0DFA4CA421E217EF0091D325 /* AddTripViewController.swift */,
			);
			path = AddTripViewController;
			sourceTree = "<group>";
		};
		0DFA4CA621E226C90091D325 /* CustomControls */ = {
			isa = PBXGroup;
			children = (
				0DFA4CA721E226FD0091D325 /* PopupUIView.swift */,
				0DFA4CA921E229B50091D325 /* AppUIButton.swift */,
			);
			path = CustomControls;
			sourceTree = "<group>";
		};
/* End PBXGroup section */

/* Begin PBXNativeTarget section */
		0DCC35B621DDC000000185E6 /* Memory */ = {
			isa = PBXNativeTarget;
			buildConfigurationList = 0DCC35C921DDC001000185E6 /* Build configuration list for PBXNativeTarget "Memory" */;
			buildPhases = (
				0DCC35B321DDC000000185E6 /* Sources */,
				0DCC35B421DDC000000185E6 /* Frameworks */,
				0DCC35B521DDC000000185E6 /* Resources */,
			);
			buildRules = (
			);
			dependencies = (
			);
			name = Memory;
			productName = Memory;
			productReference = 0DCC35B721DDC000000185E6 /* Memory.app */;
			productType = "com.apple.product-type.application";
		};
/* End PBXNativeTarget section */

/* Begin PBXProject section */
		0DCC35AF21DDC000000185E6 /* Project object */ = {
			isa = PBXProject;
			attributes = {
				LastSwiftUpdateCheck = 1010;
				LastUpgradeCheck = 1010;
				ORGANIZATIONNAME = Rui;
				TargetAttributes = {
					0DCC35B621DDC000000185E6 = {
						CreatedOnToolsVersion = 10.1;
					};
				};
			};
			buildConfigurationList = 0DCC35B221DDC000000185E6 /* Build configuration list for PBXProject "Memory" */;
			compatibilityVersion = "Xcode 9.3";
			developmentRegion = en;
			hasScannedForEncodings = 0;
			knownRegions = (
				en,
				Base,
			);
			mainGroup = 0DCC35AE21DDC000000185E6;
			productRefGroup = 0DCC35B821DDC000000185E6 /* Products */;
			projectDirPath = "";
			projectRoot = "";
			targets = (
				0DCC35B621DDC000000185E6 /* Memory */,
			);
		};
/* End PBXProject section */

/* Begin PBXResourcesBuildPhase section */
		0DCC35B521DDC000000185E6 /* Resources */ = {
			isa = PBXResourcesBuildPhase;
			buildActionMask = 2147483647;
			files = (
				0DCC35C521DDC001000185E6 /* LaunchScreen.storyboard in Resources */,
				0DC90ADE21E0D32C00592E6E /* TripsViewController.storyboard in Resources */,
				0DFA4CA321E217C50091D325 /* AddTripViewController.storyboard in Resources */,
				0DCC35C221DDC001000185E6 /* Assets.xcassets in Resources */,
				0DBA7FD321E7616900954769 /* ActivityViewController.storyboard in Resources */,
				0DFA4C9E21E1AC780091D325 /* Colors.xcassets in Resources */,
				0DC90AEC21E1A1CA00592E6E /* PermanentMarker-Regular.ttf in Resources */,
				0DC90AEA21E1A1B800592E6E /* IndieFlower.ttf in Resources */,
			);
			runOnlyForDeploymentPostprocessing = 0;
		};
/* End PBXResourcesBuildPhase section */

/* Begin PBXSourcesBuildPhase section */
		0DCC35B321DDC000000185E6 /* Sources */ = {
			isa = PBXSourcesBuildPhase;
			buildActionMask = 2147483647;
			files = (
				0DC90AE821E0ED2B00592E6E /* Theme.swift in Sources */,
				0DBA7FCC21E75D3400954769 /* DayModel.swift in Sources */,
				0DC90AD821E0958C00592E6E /* Data.swift in Sources */,
				0DBA7FD521E7618C00954769 /* ActivityViewController.swift in Sources */,
				0DC90AE521E0E9D800592E6E /* UIViewExtensions.swift in Sources */,
				0DBA7FD021E75F8600954769 /* ActivityTypeEnum.swift in Sources */,
				0DBA7FCE21E75EBF00954769 /* ActivityModel.swift in Sources */,
				0DCC35BB21DDC000000185E6 /* AppDelegate.swift in Sources */,
				0DFA4CA821E226FD0091D325 /* PopupUIView.swift in Sources */,
				0DF1330321E8A5EA0049FE95 /* HeaderTableViewCell.swift in Sources */,
				0DFA4CAA21E229B50091D325 /* AppUIButton.swift in Sources */,
				0DFA4CA021E211550091D325 /* UIButtonExtensions.swift in Sources */,
				0DC90AE021E0D77100592E6E /* TripsViewController.swift in Sources */,
				0DFA4CA521E217EF0091D325 /* AddTripViewController.swift in Sources */,
				0DC90AD621E0906100592E6E /* TripFunctions.swift in Sources */,
				0DF1330521E8AF680049FE95 /* ActivityTableViewCell.swift in Sources */,
				0DC90AE221E0E37300592E6E /* TripsTableViewCell.swift in Sources */,
				0DC90AD421E0905500592E6E /* TripModel.swift in Sources */,
			);
			runOnlyForDeploymentPostprocessing = 0;
		};
/* End PBXSourcesBuildPhase section */

/* Begin PBXVariantGroup section */
		0DCC35C321DDC001000185E6 /* LaunchScreen.storyboard */ = {
			isa = PBXVariantGroup;
			children = (
				0DCC35C421DDC001000185E6 /* Base */,
			);
			name = LaunchScreen.storyboard;
			sourceTree = "<group>";
		};
/* End PBXVariantGroup section */

/* Begin XCBuildConfiguration section */
		0DCC35C721DDC001000185E6 /* Debug */ = {
			isa = XCBuildConfiguration;
			buildSettings = {
				ALWAYS_SEARCH_USER_PATHS = NO;
				CLANG_ANALYZER_NONNULL = YES;
				CLANG_ANALYZER_NUMBER_OBJECT_CONVERSION = YES_AGGRESSIVE;
				CLANG_CXX_LANGUAGE_STANDARD = "gnu++14";
				CLANG_CXX_LIBRARY = "libc++";
				CLANG_ENABLE_MODULES = YES;
				CLANG_ENABLE_OBJC_ARC = YES;
				CLANG_ENABLE_OBJC_WEAK = YES;
				CLANG_WARN_BLOCK_CAPTURE_AUTORELEASING = YES;
				CLANG_WARN_BOOL_CONVERSION = YES;
				CLANG_WARN_COMMA = YES;
				CLANG_WARN_CONSTANT_CONVERSION = YES;
				CLANG_WARN_DEPRECATED_OBJC_IMPLEMENTATIONS = YES;
				CLANG_WARN_DIRECT_OBJC_ISA_USAGE = YES_ERROR;
				CLANG_WARN_DOCUMENTATION_COMMENTS = YES;
				CLANG_WARN_EMPTY_BODY = YES;
				CLANG_WARN_ENUM_CONVERSION = YES;
				CLANG_WARN_INFINITE_RECURSION = YES;
				CLANG_WARN_INT_CONVERSION = YES;
				CLANG_WARN_NON_LITERAL_NULL_CONVERSION = YES;
				CLANG_WARN_OBJC_IMPLICIT_RETAIN_SELF = YES;
				CLANG_WARN_OBJC_LITERAL_CONVERSION = YES;
				CLANG_WARN_OBJC_ROOT_CLASS = YES_ERROR;
				CLANG_WARN_RANGE_LOOP_ANALYSIS = YES;
				CLANG_WARN_STRICT_PROTOTYPES = YES;
				CLANG_WARN_SUSPICIOUS_MOVE = YES;
				CLANG_WARN_UNGUARDED_AVAILABILITY = YES_AGGRESSIVE;
				CLANG_WARN_UNREACHABLE_CODE = YES;
				CLANG_WARN__DUPLICATE_METHOD_MATCH = YES;
				CODE_SIGN_IDENTITY = "iPhone Developer";
				COPY_PHASE_STRIP = NO;
				DEBUG_INFORMATION_FORMAT = dwarf;
				ENABLE_STRICT_OBJC_MSGSEND = YES;
				ENABLE_TESTABILITY = YES;
				GCC_C_LANGUAGE_STANDARD = gnu11;
				GCC_DYNAMIC_NO_PIC = NO;
				GCC_NO_COMMON_BLOCKS = YES;
				GCC_OPTIMIZATION_LEVEL = 0;
				GCC_PREPROCESSOR_DEFINITIONS = (
					"DEBUG=1",
					"$(inherited)",
				);
				GCC_WARN_64_TO_32_BIT_CONVERSION = YES;
				GCC_WARN_ABOUT_RETURN_TYPE = YES_ERROR;
				GCC_WARN_UNDECLARED_SELECTOR = YES;
				GCC_WARN_UNINITIALIZED_AUTOS = YES_AGGRESSIVE;
				GCC_WARN_UNUSED_FUNCTION = YES;
				GCC_WARN_UNUSED_VARIABLE = YES;
				IPHONEOS_DEPLOYMENT_TARGET = 12.1;
				MTL_ENABLE_DEBUG_INFO = INCLUDE_SOURCE;
				MTL_FAST_MATH = YES;
				ONLY_ACTIVE_ARCH = YES;
				SDKROOT = iphoneos;
				SWIFT_ACTIVE_COMPILATION_CONDITIONS = DEBUG;
				SWIFT_OPTIMIZATION_LEVEL = "-Onone";
			};
			name = Debug;
		};
		0DCC35C821DDC001000185E6 /* Release */ = {
			isa = XCBuildConfiguration;
			buildSettings = {
				ALWAYS_SEARCH_USER_PATHS = NO;
				CLANG_ANALYZER_NONNULL = YES;
				CLANG_ANALYZER_NUMBER_OBJECT_CONVERSION = YES_AGGRESSIVE;
				CLANG_CXX_LANGUAGE_STANDARD = "gnu++14";
				CLANG_CXX_LIBRARY = "libc++";
				CLANG_ENABLE_MODULES = YES;
				CLANG_ENABLE_OBJC_ARC = YES;
				CLANG_ENABLE_OBJC_WEAK = YES;
				CLANG_WARN_BLOCK_CAPTURE_AUTORELEASING = YES;
				CLANG_WARN_BOOL_CONVERSION = YES;
				CLANG_WARN_COMMA = YES;
				CLANG_WARN_CONSTANT_CONVERSION = YES;
				CLANG_WARN_DEPRECATED_OBJC_IMPLEMENTATIONS = YES;
				CLANG_WARN_DIRECT_OBJC_ISA_USAGE = YES_ERROR;
				CLANG_WARN_DOCUMENTATION_COMMENTS = YES;
				CLANG_WARN_EMPTY_BODY = YES;
				CLANG_WARN_ENUM_CONVERSION = YES;
				CLANG_WARN_INFINITE_RECURSION = YES;
				CLANG_WARN_INT_CONVERSION = YES;
				CLANG_WARN_NON_LITERAL_NULL_CONVERSION = YES;
				CLANG_WARN_OBJC_IMPLICIT_RETAIN_SELF = YES;
				CLANG_WARN_OBJC_LITERAL_CONVERSION = YES;
				CLANG_WARN_OBJC_ROOT_CLASS = YES_ERROR;
				CLANG_WARN_RANGE_LOOP_ANALYSIS = YES;
				CLANG_WARN_STRICT_PROTOTYPES = YES;
				CLANG_WARN_SUSPICIOUS_MOVE = YES;
				CLANG_WARN_UNGUARDED_AVAILABILITY = YES_AGGRESSIVE;
				CLANG_WARN_UNREACHABLE_CODE = YES;
				CLANG_WARN__DUPLICATE_METHOD_MATCH = YES;
				CODE_SIGN_IDENTITY = "iPhone Developer";
				COPY_PHASE_STRIP = NO;
				DEBUG_INFORMATION_FORMAT = "dwarf-with-dsym";
				ENABLE_NS_ASSERTIONS = NO;
				ENABLE_STRICT_OBJC_MSGSEND = YES;
				GCC_C_LANGUAGE_STANDARD = gnu11;
				GCC_NO_COMMON_BLOCKS = YES;
				GCC_WARN_64_TO_32_BIT_CONVERSION = YES;
				GCC_WARN_ABOUT_RETURN_TYPE = YES_ERROR;
				GCC_WARN_UNDECLARED_SELECTOR = YES;
				GCC_WARN_UNINITIALIZED_AUTOS = YES_AGGRESSIVE;
				GCC_WARN_UNUSED_FUNCTION = YES;
				GCC_WARN_UNUSED_VARIABLE = YES;
				IPHONEOS_DEPLOYMENT_TARGET = 12.1;
				MTL_ENABLE_DEBUG_INFO = NO;
				MTL_FAST_MATH = YES;
				SDKROOT = iphoneos;
				SWIFT_COMPILATION_MODE = wholemodule;
				SWIFT_OPTIMIZATION_LEVEL = "-O";
				VALIDATE_PRODUCT = YES;
			};
			name = Release;
		};
		0DCC35CA21DDC001000185E6 /* Debug */ = {
			isa = XCBuildConfiguration;
			buildSettings = {
				ASSETCATALOG_COMPILER_APPICON_NAME = AppIcon;
				CODE_SIGN_STYLE = Automatic;
				INFOPLIST_FILE = Memory/Info.plist;
				IPHONEOS_DEPLOYMENT_TARGET = 11.0;
				LD_RUNPATH_SEARCH_PATHS = (
					"$(inherited)",
					"@executable_path/Frameworks",
				);
				PRODUCT_BUNDLE_IDENTIFIER = "-000.Memory";
				PRODUCT_NAME = "$(TARGET_NAME)";
				SWIFT_VERSION = 4.2;
				TARGETED_DEVICE_FAMILY = "1,2";
			};
			name = Debug;
		};
		0DCC35CB21DDC001000185E6 /* Release */ = {
			isa = XCBuildConfiguration;
			buildSettings = {
				ASSETCATALOG_COMPILER_APPICON_NAME = AppIcon;
				CODE_SIGN_STYLE = Automatic;
				INFOPLIST_FILE = Memory/Info.plist;
				IPHONEOS_DEPLOYMENT_TARGET = 11.0;
				LD_RUNPATH_SEARCH_PATHS = (
					"$(inherited)",
					"@executable_path/Frameworks",
				);
				PRODUCT_BUNDLE_IDENTIFIER = "-000.Memory";
				PRODUCT_NAME = "$(TARGET_NAME)";
				SWIFT_VERSION = 4.2;
				TARGETED_DEVICE_FAMILY = "1,2";
			};
			name = Release;
		};
/* End XCBuildConfiguration section */

/* Begin XCConfigurationList section */
		0DCC35B221DDC000000185E6 /* Build configuration list for PBXProject "Memory" */ = {
			isa = XCConfigurationList;
			buildConfigurations = (
				0DCC35C721DDC001000185E6 /* Debug */,
				0DCC35C821DDC001000185E6 /* Release */,
			);
			defaultConfigurationIsVisible = 0;
			defaultConfigurationName = Release;
		};
		0DCC35C921DDC001000185E6 /* Build configuration list for PBXNativeTarget "Memory" */ = {
			isa = XCConfigurationList;
			buildConfigurations = (
				0DCC35CA21DDC001000185E6 /* Debug */,
				0DCC35CB21DDC001000185E6 /* Release */,
			);
			defaultConfigurationIsVisible = 0;
			defaultConfigurationName = Release;
		};
/* End XCConfigurationList section */
	};
	rootObject = 0DCC35AF21DDC000000185E6 /* Project object */;
}
